
Microsoft Visual Studio Solution File, Format Version 12.00
# Visual Studio Version 17
VisualStudioVersion = 17.9.34701.34
MinimumVisualStudioVersion = 10.0.40219.1
Project("{9A19103F-16F7-4668-BE54-9A1E7A4F7556}") = "TargetApi", "TargetApi\TargetApi.csproj", "{6095EBB0-1A0C-448C-84E4-CBE972A05479}"
EndProject
Project("{9A19103F-16F7-4668-BE54-9A1E7A4F7556}") = "SourceApi", "SourceApi\SourceApi.csproj", "{835CBED5-B68E-4DF4-9B29-9BAD55824F76}"
EndProject
Global
	GlobalSection(SolutionConfigurationPlatforms) = preSolution
		Debug|Any CPU = Debug|Any CPU
		Release|Any CPU = Release|Any CPU
	EndGlobalSection
	GlobalSection(ProjectConfigurationPlatforms) = postSolution
		{6095EBB0-1A0C-448C-84E4-CBE972A05479}.Debug|Any CPU.ActiveCfg = Debug|Any CPU
		{6095EBB0-1A0C-448C-84E4-CBE972A05479}.Debug|Any CPU.Build.0 = Debug|Any CPU
		{6095EBB0-1A0C-448C-84E4-CBE972A05479}.Release|Any CPU.ActiveCfg = Release|Any CPU
		{6095EBB0-1A0C-448C-84E4-CBE972A05479}.Release|Any CPU.Build.0 = Release|Any CPU
		{835CBED5-B68E-4DF4-9B29-9BAD55824F76}.Debug|Any CPU.ActiveCfg = Debug|Any CPU
		{835CBED5-B68E-4DF4-9B29-9BAD55824F76}.Debug|Any CPU.Build.0 = Debug|Any CPU
		{835CBED5-B68E-4DF4-9B29-9BAD55824F76}.Release|Any CPU.ActiveCfg = Release|Any CPU
		{835CBED5-B68E-4DF4-9B29-9BAD55824F76}.Release|Any CPU.Build.0 = Release|Any CPU
	EndGlobalSection
	GlobalSection(SolutionProperties) = preSolution
		HideSolutionNode = FALSE
	EndGlobalSection
	GlobalSection(ExtensibilityGlobals) = postSolution
		SolutionGuid = {EADF740D-0FC8-4773-B158-4A567E86EA66}
	EndGlobalSection
EndGlobal
